
Microsoft Visual Studio Solution File, Format Version 12.00
# Visual Studio Version 17
VisualStudioVersion = 17.11.35222.181
MinimumVisualStudioVersion = 10.0.40219.1
Project("{FAE04EC0-301F-11D3-BF4B-00C04F79EFBC}") = "SimpleController", "SimpleController.csproj", "{37D6329A-4F0B-44F0-B077-C13E86649F4A}"
EndProject
Global
	GlobalSection(SolutionConfigurationPlatforms) = preSolution
		Debug|Any CPU = Debug|Any CPU
		Release|Any CPU = Release|Any CPU
	EndGlobalSection
	GlobalSection(ProjectConfigurationPlatforms) = postSolution
		{37D6329A-4F0B-44F0-B077-C13E86649F4A}.Debug|Any CPU.ActiveCfg = Debug|Any CPU
		{37D6329A-4F0B-44F0-B077-C13E86649F4A}.Debug|Any CPU.Build.0 = Debug|Any CPU
		{37D6329A-4F0B-44F0-B077-C13E86649F4A}.Release|Any CPU.ActiveCfg = Release|Any CPU
		{37D6329A-4F0B-44F0-B077-C13E86649F4A}.Release|Any CPU.Build.0 = Release|Any CPU
	EndGlobalSection
	GlobalSection(SolutionProperties) = preSolution
		HideSolutionNode = FALSE
	EndGlobalSection
	GlobalSection(ExtensibilityGlobals) = postSolution
		SolutionGuid = {6AA83FB2-CF29-4D1F-95E7-31FF7B554BDA}
	EndGlobalSection
EndGlobal
